
Microsoft Visual Studio Solution File, Format Version 12.00
# Visual Studio Version 17
VisualStudioVersion = 17.8.34330.188
MinimumVisualStudioVersion = 10.0.40219.1
Project("{9092AA53-FB77-4645-B42D-1CCCA6BD08BD}") = "Backend", "Backend\Backend.njsproj", "{B7722A2E-478E-4323-AF0C-5E55DDB977E7}"
EndProject
Project("{54A90642-561A-4BB1-A94E-469ADEE60C69}") = "frontend", "Frontend\frontend.esproj", "{52D8D5D5-F288-47CE-BE5F-172B1C7F7166}"
EndProject
Global
	GlobalSection(SolutionConfigurationPlatforms) = preSolution
		Debug|Any CPU = Debug|Any CPU
		Release|Any CPU = Release|Any CPU
	EndGlobalSection
	GlobalSection(ProjectConfigurationPlatforms) = postSolution
		{B7722A2E-478E-4323-AF0C-5E55DDB977E7}.Debug|Any CPU.ActiveCfg = Debug|Any CPU
		{B7722A2E-478E-4323-AF0C-5E55DDB977E7}.Debug|Any CPU.Build.0 = Debug|Any CPU
		{B7722A2E-478E-4323-AF0C-5E55DDB977E7}.Release|Any CPU.ActiveCfg = Release|Any CPU
		{B7722A2E-478E-4323-AF0C-5E55DDB977E7}.Release|Any CPU.Build.0 = Release|Any CPU
		{52D8D5D5-F288-47CE-BE5F-172B1C7F7166}.Debug|Any CPU.ActiveCfg = Debug|Any CPU
		{52D8D5D5-F288-47CE-BE5F-172B1C7F7166}.Debug|Any CPU.Build.0 = Debug|Any CPU
		{52D8D5D5-F288-47CE-BE5F-172B1C7F7166}.Debug|Any CPU.Deploy.0 = Debug|Any CPU
		{52D8D5D5-F288-47CE-BE5F-172B1C7F7166}.Release|Any CPU.ActiveCfg = Release|Any CPU
		{52D8D5D5-F288-47CE-BE5F-172B1C7F7166}.Release|Any CPU.Build.0 = Release|Any CPU
		{52D8D5D5-F288-47CE-BE5F-172B1C7F7166}.Release|Any CPU.Deploy.0 = Release|Any CPU
	EndGlobalSection
	GlobalSection(SolutionProperties) = preSolution
		HideSolutionNode = FALSE
	EndGlobalSection
	GlobalSection(ExtensibilityGlobals) = postSolution
		SolutionGuid = {3D91CE02-5EB7-4B83-87BF-D74DC2BD0072}
	EndGlobalSection
EndGlobal
